
Microsoft Visual Studio Solution File, Format Version 12.00
# Visual Studio 14
VisualStudioVersion = 14.0.25420.1
MinimumVisualStudioVersion = 10.0.40219.1
Project("{FAE04EC0-301F-11D3-BF4B-00C04F79EFBC}") = "Week7LabCSharp", "Week7LabCSharp\Week7LabCSharp.csproj", "{920A19D8-B407-45D9-B7E5-DC34FD60AB98}"
EndProject
Global
	GlobalSection(SolutionConfigurationPlatforms) = preSolution
		Debug|Any CPU = Debug|Any CPU
		Release|Any CPU = Release|Any CPU
	EndGlobalSection
	GlobalSection(ProjectConfigurationPlatforms) = postSolution
		{920A19D8-B407-45D9-B7E5-DC34FD60AB98}.Debug|Any CPU.ActiveCfg = Debug|Any CPU
		{920A19D8-B407-45D9-B7E5-DC34FD60AB98}.Debug|Any CPU.Build.0 = Debug|Any CPU
		{920A19D8-B407-45D9-B7E5-DC34FD60AB98}.Release|Any CPU.ActiveCfg = Release|Any CPU
		{920A19D8-B407-45D9-B7E5-DC34FD60AB98}.Release|Any CPU.Build.0 = Release|Any CPU
	EndGlobalSection
	GlobalSection(SolutionProperties) = preSolution
		HideSolutionNode = FALSE
	EndGlobalSection
EndGlobal
